hash: 7acec437b8ea47759c2793064066f635a152d4aaa989d53e451f183a125d7b32
updated: 2018-02-02T14:57:06.856578+07:00
imports:
- name: github.com/ahmdrz/goinsta
  version: 5f6c22a03adcc575b35f7579e16eb7cd68e25eed
  subpackages:
  - response
  - store
  - uuid
- name: github.com/ashwanthkumar/slack-go-webhook
  version: 58b9a44feb242f0ced1a85304b1b6af57b770234
- name: github.com/joho/godotenv
  version: a79fa1e548e2c689c241d10173efd51e5d689d5b
- name: github.com/moul/http2curl
  version: 9ac6cf4d929b2fa8fd2d2e6dec5bb0feb4f4911d
- name: github.com/parnurzeal/gorequest
  version: 8e3aed27fe49f7fdc765dad067845f600fc984e8
- name: github.com/pkg/errors
  version: 30136e27e2ac8d167177e8a583aa4c3fea5be833
- name: golang.org/x/net
  version: b417086c80e91bfa321ef761574721644b8b9f61
  subpackages:
  - publicsuffix
testImports: []
